{
  "nodes": {
    "root": {
      "inputs": {
        "impermanence": "impermanence",
        "home-manager": "home-manager",
        "sops-nix": "sops-nix"
      }
    },
    "impermanence": {
      "locked": {
        "type": "github",
        "owner": "example",
        "repo": "impermanence",
        "rev": "f4a044eec486a909a69e10a8d0708694f3a60159",
        "narHash": "sha256-XYkl7MOtDNAql4Iv032k5r8m6UiU8nYAMHt1/8TwqN8="
      },
      "original": {
        "type": "github",
        "owner": "example",
        "repo": "impermanence"
      }
    },
    "home-manager": {
      "locked": {
        "type": "github",
        "owner": "example",
        "repo": "home-manager",
        "rev": "1d0044468f8bddacaf4b3acce1bcc11ff80a7f1c",
        "narHash": "sha256-Xr+XAth8d1YVO9dL9zSj5WJZrVf0C0GmViRLSdPunqA="
      },
      "original": {
        "type": "github",
        "owner": "example",
        "repo": "home-manager"
      },
      "inputs": {
        "impermanence": [
          "impermanence"
        ]
      }
    },
    "sops-nix": {
      "locked": {
        "type": "github",
        "owner": "example",
        "repo": "sops-nix",
        "rev": "b65c26fa0f43e04f4eff92f89d7e2e4a32907939",
        "narHash": "sha256-HEo1b36bv0faMG5WIf1XD6kK31+D2F3RdbjO2+QjYfQ="
      },
      "original": {
        "type": "github",
        "owner": "example",
        "repo": "sops-nix"
      }
    }
  },
  "root": "root",
  "version": 7
}
